
Microsoft Visual Studio Solution File, Format Version 12.00
# Visual Studio Version 17
VisualStudioVersion = 17.5.33627.172
MinimumVisualStudioVersion = 10.0.40219.1
Project("{FAE04EC0-301F-11D3-BF4B-00C04F79EFBC}") = "CrudGridView", "CrudGridView\CrudGridView.csproj", "{6195FA54-C533-4FAA-8A1C-F20DC2498C87}"
EndProject
Global
	GlobalSection(SolutionConfigurationPlatforms) = preSolution
		Debug|Any CPU = Debug|Any CPU
		Release|Any CPU = Release|Any CPU
	EndGlobalSection
	GlobalSection(ProjectConfigurationPlatforms) = postSolution
		{6195FA54-C533-4FAA-8A1C-F20DC2498C87}.Debug|Any CPU.ActiveCfg = Debug|Any CPU
		{6195FA54-C533-4FAA-8A1C-F20DC2498C87}.Debug|Any CPU.Build.0 = Debug|Any CPU
		{6195FA54-C533-4FAA-8A1C-F20DC2498C87}.Release|Any CPU.ActiveCfg = Release|Any CPU
		{6195FA54-C533-4FAA-8A1C-F20DC2498C87}.Release|Any CPU.Build.0 = Release|Any CPU
	EndGlobalSection
	GlobalSection(SolutionProperties) = preSolution
		HideSolutionNode = FALSE
	EndGlobalSection
	GlobalSection(ExtensibilityGlobals) = postSolution
		SolutionGuid = {39EDAD2E-3E4C-4524-866B-2250FA98F740}
	EndGlobalSection
EndGlobal
